
Microsoft Visual Studio Solution File, Format Version 12.00
# Visual Studio Version 16
VisualStudioVersion = 16.0.30717.126
MinimumVisualStudioVersion = 10.0.40219.1
Project("{FAE04EC0-301F-11D3-BF4B-00C04F79EFBC}") = "KursovoyProjectPMP", "KursovoyProjectPMP\KursovoyProjectPMP.csproj", "{62997EA5-9D0D-49BC-B274-A3D64628E57F}"
EndProject
Project("{FAE04EC0-301F-11D3-BF4B-00C04F79EFBC}") = "RocketLib", "RocketLib\RocketLib.csproj", "{3DB88066-3A7B-4277-A73B-3DE5DB5BE296}"
EndProject
Global
	GlobalSection(SolutionConfigurationPlatforms) = preSolution
		Debug|Any CPU = Debug|Any CPU
		Release|Any CPU = Release|Any CPU
	EndGlobalSection
	GlobalSection(ProjectConfigurationPlatforms) = postSolution
		{62997EA5-9D0D-49BC-B274-A3D64628E57F}.Debug|Any CPU.ActiveCfg = Debug|Any CPU
		{62997EA5-9D0D-49BC-B274-A3D64628E57F}.Debug|Any CPU.Build.0 = Debug|Any CPU
		{62997EA5-9D0D-49BC-B274-A3D64628E57F}.Release|Any CPU.ActiveCfg = Release|Any CPU
		{62997EA5-9D0D-49BC-B274-A3D64628E57F}.Release|Any CPU.Build.0 = Release|Any CPU
		{3DB88066-3A7B-4277-A73B-3DE5DB5BE296}.Debug|Any CPU.ActiveCfg = Debug|Any CPU
		{3DB88066-3A7B-4277-A73B-3DE5DB5BE296}.Debug|Any CPU.Build.0 = Debug|Any CPU
		{3DB88066-3A7B-4277-A73B-3DE5DB5BE296}.Release|Any CPU.ActiveCfg = Release|Any CPU
		{3DB88066-3A7B-4277-A73B-3DE5DB5BE296}.Release|Any CPU.Build.0 = Release|Any CPU
	EndGlobalSection
	GlobalSection(SolutionProperties) = preSolution
		HideSolutionNode = FALSE
	EndGlobalSection
	GlobalSection(ExtensibilityGlobals) = postSolution
		SolutionGuid = {324E4CF8-E890-4431-8B0B-2F8BBA646654}
	EndGlobalSection
EndGlobal
